
Microsoft Visual Studio Solution File, Format Version 12.00
# Visual Studio Version 16
VisualStudioVersion = 16.0.28803.352
MinimumVisualStudioVersion = 10.0.40219.1
Project("{F184B08F-C81C-45F6-A57F-5ABD9991F28F}") = "课设3", "课设3\课设3.vbproj", "{1E7B1113-B5C5-41EB-B88F-4B6B071003FA}"
EndProject
Global
	GlobalSection(SolutionConfigurationPlatforms) = preSolution
		Debug|Any CPU = Debug|Any CPU
		Release|Any CPU = Release|Any CPU
	EndGlobalSection
	GlobalSection(ProjectConfigurationPlatforms) = postSolution
		{1E7B1113-B5C5-41EB-B88F-4B6B071003FA}.Debug|Any CPU.ActiveCfg = Debug|Any CPU
		{1E7B1113-B5C5-41EB-B88F-4B6B071003FA}.Debug|Any CPU.Build.0 = Debug|Any CPU
		{1E7B1113-B5C5-41EB-B88F-4B6B071003FA}.Release|Any CPU.ActiveCfg = Release|Any CPU
		{1E7B1113-B5C5-41EB-B88F-4B6B071003FA}.Release|Any CPU.Build.0 = Release|Any CPU
	EndGlobalSection
	GlobalSection(SolutionProperties) = preSolution
		HideSolutionNode = FALSE
	EndGlobalSection
	GlobalSection(ExtensibilityGlobals) = postSolution
		SolutionGuid = {34E375EB-4144-4C8C-BE5A-13E444BD177F}
	EndGlobalSection
EndGlobal
